
Microsoft Visual Studio Solution File, Format Version 12.00
# Visual Studio Version 17
VisualStudioVersion = 17.8.34330.188
MinimumVisualStudioVersion = 10.0.40219.1
Project("{FAE04EC0-301F-11D3-BF4B-00C04F79EFBC}") = "Sesson2", "Sesson2\Sesson2.csproj", "{11590988-0076-40AF-834B-249A58ECBDD0}"
EndProject
Project("{FAE04EC0-301F-11D3-BF4B-00C04F79EFBC}") = "Lab02.8", "Lab02.8\Lab02.8.csproj", "{69723B99-4D56-4F29-95A7-A0DCFE4BB2C9}"
EndProject
Project("{FAE04EC0-301F-11D3-BF4B-00C04F79EFBC}") = "Lab02.7", "Lab02.7\Lab02.7.csproj", "{96888EAE-9783-4135-9211-87672D198B86}"
EndProject
Global
	GlobalSection(SolutionConfigurationPlatforms) = preSolution
		Debug|Any CPU = Debug|Any CPU
		Release|Any CPU = Release|Any CPU
	EndGlobalSection
	GlobalSection(ProjectConfigurationPlatforms) = postSolution
		{11590988-0076-40AF-834B-249A58ECBDD0}.Debug|Any CPU.ActiveCfg = Debug|Any CPU
		{11590988-0076-40AF-834B-249A58ECBDD0}.Debug|Any CPU.Build.0 = Debug|Any CPU
		{11590988-0076-40AF-834B-249A58ECBDD0}.Release|Any CPU.ActiveCfg = Release|Any CPU
		{11590988-0076-40AF-834B-249A58ECBDD0}.Release|Any CPU.Build.0 = Release|Any CPU
		{69723B99-4D56-4F29-95A7-A0DCFE4BB2C9}.Debug|Any CPU.ActiveCfg = Debug|Any CPU
		{69723B99-4D56-4F29-95A7-A0DCFE4BB2C9}.Debug|Any CPU.Build.0 = Debug|Any CPU
		{69723B99-4D56-4F29-95A7-A0DCFE4BB2C9}.Release|Any CPU.ActiveCfg = Release|Any CPU
		{69723B99-4D56-4F29-95A7-A0DCFE4BB2C9}.Release|Any CPU.Build.0 = Release|Any CPU
		{96888EAE-9783-4135-9211-87672D198B86}.Debug|Any CPU.ActiveCfg = Debug|Any CPU
		{96888EAE-9783-4135-9211-87672D198B86}.Debug|Any CPU.Build.0 = Debug|Any CPU
		{96888EAE-9783-4135-9211-87672D198B86}.Release|Any CPU.ActiveCfg = Release|Any CPU
		{96888EAE-9783-4135-9211-87672D198B86}.Release|Any CPU.Build.0 = Release|Any CPU
	EndGlobalSection
	GlobalSection(SolutionProperties) = preSolution
		HideSolutionNode = FALSE
	EndGlobalSection
	GlobalSection(ExtensibilityGlobals) = postSolution
		SolutionGuid = {1273F63D-BCF1-4E56-A0B9-416BAA1C8F96}
	EndGlobalSection
EndGlobal
