
Microsoft Visual Studio Solution File, Format Version 12.00
# Visual Studio Version 17
VisualStudioVersion = 17.8.34330.188
MinimumVisualStudioVersion = 10.0.40219.1
Project("{FAE04EC0-301F-11D3-BF4B-00C04F79EFBC}") = "NetCoreMVCLab04", "NetCoreMVCLab04\NetCoreMVCLab04.csproj", "{071685F1-0165-4018-96D7-E697F2ED5F19}"
EndProject
Global
	GlobalSection(SolutionConfigurationPlatforms) = preSolution
		Debug|Any CPU = Debug|Any CPU
		Release|Any CPU = Release|Any CPU
	EndGlobalSection
	GlobalSection(ProjectConfigurationPlatforms) = postSolution
		{071685F1-0165-4018-96D7-E697F2ED5F19}.Debug|Any CPU.ActiveCfg = Debug|Any CPU
		{071685F1-0165-4018-96D7-E697F2ED5F19}.Debug|Any CPU.Build.0 = Debug|Any CPU
		{071685F1-0165-4018-96D7-E697F2ED5F19}.Release|Any CPU.ActiveCfg = Release|Any CPU
		{071685F1-0165-4018-96D7-E697F2ED5F19}.Release|Any CPU.Build.0 = Release|Any CPU
	EndGlobalSection
	GlobalSection(SolutionProperties) = preSolution
		HideSolutionNode = FALSE
	EndGlobalSection
	GlobalSection(ExtensibilityGlobals) = postSolution
		SolutionGuid = {CCD49AAE-E24E-4A23-B3FF-25BAFF7395C4}
	EndGlobalSection
EndGlobal
