
Microsoft Visual Studio Solution File, Format Version 12.00
# Visual Studio Version 17
VisualStudioVersion = 17.8.34330.188
MinimumVisualStudioVersion = 10.0.40219.1
Project("{FAE04EC0-301F-11D3-BF4B-00C04F79EFBC}") = "Lesson01.mvc", "Lesson01.mvc\Lesson01.mvc.csproj", "{99EED830-7460-41DB-81B2-B691D73B6E69}"
EndProject
Global
	GlobalSection(SolutionConfigurationPlatforms) = preSolution
		Debug|Any CPU = Debug|Any CPU
		Release|Any CPU = Release|Any CPU
	EndGlobalSection
	GlobalSection(ProjectConfigurationPlatforms) = postSolution
		{99EED830-7460-41DB-81B2-B691D73B6E69}.Debug|Any CPU.ActiveCfg = Debug|Any CPU
		{99EED830-7460-41DB-81B2-B691D73B6E69}.Debug|Any CPU.Build.0 = Debug|Any CPU
		{99EED830-7460-41DB-81B2-B691D73B6E69}.Release|Any CPU.ActiveCfg = Release|Any CPU
		{99EED830-7460-41DB-81B2-B691D73B6E69}.Release|Any CPU.Build.0 = Release|Any CPU
	EndGlobalSection
	GlobalSection(SolutionProperties) = preSolution
		HideSolutionNode = FALSE
	EndGlobalSection
	GlobalSection(ExtensibilityGlobals) = postSolution
		SolutionGuid = {704E99AF-865C-4F0C-8534-2BCCEFD9B7D0}
	EndGlobalSection
EndGlobal
