
Microsoft Visual Studio Solution File, Format Version 12.00
# Visual Studio Version 17
VisualStudioVersion = 17.8.34330.188
MinimumVisualStudioVersion = 10.0.40219.1
Project("{FAE04EC0-301F-11D3-BF4B-00C04F79EFBC}") = "Web", "Web\Web.csproj", "{566A1894-E0F5-485C-9196-07A18FF109FA}"
EndProject
Global
	GlobalSection(SolutionConfigurationPlatforms) = preSolution
		Debug|Any CPU = Debug|Any CPU
		Release|Any CPU = Release|Any CPU
	EndGlobalSection
	GlobalSection(ProjectConfigurationPlatforms) = postSolution
		{566A1894-E0F5-485C-9196-07A18FF109FA}.Debug|Any CPU.ActiveCfg = Debug|Any CPU
		{566A1894-E0F5-485C-9196-07A18FF109FA}.Debug|Any CPU.Build.0 = Debug|Any CPU
		{566A1894-E0F5-485C-9196-07A18FF109FA}.Release|Any CPU.ActiveCfg = Release|Any CPU
		{566A1894-E0F5-485C-9196-07A18FF109FA}.Release|Any CPU.Build.0 = Release|Any CPU
	EndGlobalSection
	GlobalSection(SolutionProperties) = preSolution
		HideSolutionNode = FALSE
	EndGlobalSection
	GlobalSection(ExtensibilityGlobals) = postSolution
		SolutionGuid = {38566530-F7A9-4FC8-A160-F0DAD5B27312}
	EndGlobalSection
EndGlobal
